
Microsoft Visual Studio Solution File, Format Version 12.00
# Visual Studio 2012
Project("{FAE04EC0-301F-11D3-BF4B-00C04F79EFBC}") = "DocumentObjectModel", "DocumentObjectModel\DocumentObjectModel.csproj", "{FAC9F426-685E-4F8D-8E13-5FF516EC77BC}"
EndProject
Project("{FAE04EC0-301F-11D3-BF4B-00C04F79EFBC}") = "Canvas", "Canvas\Canvas.csproj", "{3454CFDA-8CA6-4885-8AAF-B76F92DF92AC}"
EndProject
Project("{FAE04EC0-301F-11D3-BF4B-00C04F79EFBC}") = "KineticJS", "KineticJS\KineticJS.csproj", "{D13D933F-63DB-4D07-9407-AD44CF482806}"
EndProject
Project("{FAE04EC0-301F-11D3-BF4B-00C04F79EFBC}") = "DOM Manipulation", "DOM Manipulation\DOM Manipulation.csproj", "{23263E45-EBDE-42F6-9FCA-0D2751478C62}"
EndProject
Project("{FAE04EC0-301F-11D3-BF4B-00C04F79EFBC}") = "Javascript Event Model", "Javascript Event Model\Javascript Event Model.csproj", "{C6DAEE79-4C4D-4D48-8FC7-553814077E73}"
EndProject
Project("{FAE04EC0-301F-11D3-BF4B-00C04F79EFBC}") = "jQuery Overview", "jQuery Overview\jQuery Overview.csproj", "{E09378F5-693C-47E4-BA31-DC1246388E36}"
EndProject
Project("{FAE04EC0-301F-11D3-BF4B-00C04F79EFBC}") = "jQuery Plugins", "jQuery Plugins\jQuery Plugins.csproj", "{6046CC17-10B8-4E62-9EFF-818CA10D66DC}"
EndProject
Project("{FAE04EC0-301F-11D3-BF4B-00C04F79EFBC}") = "Handlebars", "Handlebars\Handlebars.csproj", "{3CF23945-A1E5-4A3A-BF35-C6E2C0779839}"
EndProject
Project("{FAE04EC0-301F-11D3-BF4B-00C04F79EFBC}") = "Exam Prep", "Exam Prep\Exam Prep.csproj", "{9F87722D-ADE1-4C7C-A14F-1E82EF3F21D4}"
EndProject
Project("{FAE04EC0-301F-11D3-BF4B-00C04F79EFBC}") = "JS Part 2 Exam", "JS Part 2 Exam\JS Part 2 Exam.csproj", "{EFD6E965-355B-4C76-9AE2-24762EE8518C}"
EndProject
Global
	GlobalSection(SolutionConfigurationPlatforms) = preSolution
		Debug|Any CPU = Debug|Any CPU
		Release|Any CPU = Release|Any CPU
	EndGlobalSection
	GlobalSection(ProjectConfigurationPlatforms) = postSolution
		{FAC9F426-685E-4F8D-8E13-5FF516EC77BC}.Debug|Any CPU.ActiveCfg = Debug|Any CPU
		{FAC9F426-685E-4F8D-8E13-5FF516EC77BC}.Debug|Any CPU.Build.0 = Debug|Any CPU
		{FAC9F426-685E-4F8D-8E13-5FF516EC77BC}.Release|Any CPU.ActiveCfg = Release|Any CPU
		{FAC9F426-685E-4F8D-8E13-5FF516EC77BC}.Release|Any CPU.Build.0 = Release|Any CPU
		{3454CFDA-8CA6-4885-8AAF-B76F92DF92AC}.Debug|Any CPU.ActiveCfg = Debug|Any CPU
		{3454CFDA-8CA6-4885-8AAF-B76F92DF92AC}.Debug|Any CPU.Build.0 = Debug|Any CPU
		{3454CFDA-8CA6-4885-8AAF-B76F92DF92AC}.Release|Any CPU.ActiveCfg = Release|Any CPU
		{3454CFDA-8CA6-4885-8AAF-B76F92DF92AC}.Release|Any CPU.Build.0 = Release|Any CPU
		{D13D933F-63DB-4D07-9407-AD44CF482806}.Debug|Any CPU.ActiveCfg = Debug|Any CPU
		{D13D933F-63DB-4D07-9407-AD44CF482806}.Debug|Any CPU.Build.0 = Debug|Any CPU
		{D13D933F-63DB-4D07-9407-AD44CF482806}.Release|Any CPU.ActiveCfg = Release|Any CPU
		{D13D933F-63DB-4D07-9407-AD44CF482806}.Release|Any CPU.Build.0 = Release|Any CPU
		{23263E45-EBDE-42F6-9FCA-0D2751478C62}.Debug|Any CPU.ActiveCfg = Debug|Any CPU
		{23263E45-EBDE-42F6-9FCA-0D2751478C62}.Debug|Any CPU.Build.0 = Debug|Any CPU
		{23263E45-EBDE-42F6-9FCA-0D2751478C62}.Release|Any CPU.ActiveCfg = Release|Any CPU
		{23263E45-EBDE-42F6-9FCA-0D2751478C62}.Release|Any CPU.Build.0 = Release|Any CPU
		{C6DAEE79-4C4D-4D48-8FC7-553814077E73}.Debug|Any CPU.ActiveCfg = Debug|Any CPU
		{C6DAEE79-4C4D-4D48-8FC7-553814077E73}.Debug|Any CPU.Build.0 = Debug|Any CPU
		{C6DAEE79-4C4D-4D48-8FC7-553814077E73}.Release|Any CPU.ActiveCfg = Release|Any CPU
		{C6DAEE79-4C4D-4D48-8FC7-553814077E73}.Release|Any CPU.Build.0 = Release|Any CPU
		{E09378F5-693C-47E4-BA31-DC1246388E36}.Debug|Any CPU.ActiveCfg = Debug|Any CPU
		{E09378F5-693C-47E4-BA31-DC1246388E36}.Debug|Any CPU.Build.0 = Debug|Any CPU
		{E09378F5-693C-47E4-BA31-DC1246388E36}.Release|Any CPU.ActiveCfg = Release|Any CPU
		{E09378F5-693C-47E4-BA31-DC1246388E36}.Release|Any CPU.Build.0 = Release|Any CPU
		{6046CC17-10B8-4E62-9EFF-818CA10D66DC}.Debug|Any CPU.ActiveCfg = Debug|Any CPU
		{6046CC17-10B8-4E62-9EFF-818CA10D66DC}.Debug|Any CPU.Build.0 = Debug|Any CPU
		{6046CC17-10B8-4E62-9EFF-818CA10D66DC}.Release|Any CPU.ActiveCfg = Release|Any CPU
		{6046CC17-10B8-4E62-9EFF-818CA10D66DC}.Release|Any CPU.Build.0 = Release|Any CPU
		{3CF23945-A1E5-4A3A-BF35-C6E2C0779839}.Debug|Any CPU.ActiveCfg = Debug|Any CPU
		{3CF23945-A1E5-4A3A-BF35-C6E2C0779839}.Debug|Any CPU.Build.0 = Debug|Any CPU
		{3CF23945-A1E5-4A3A-BF35-C6E2C0779839}.Release|Any CPU.ActiveCfg = Release|Any CPU
		{3CF23945-A1E5-4A3A-BF35-C6E2C0779839}.Release|Any CPU.Build.0 = Release|Any CPU
		{9F87722D-ADE1-4C7C-A14F-1E82EF3F21D4}.Debug|Any CPU.ActiveCfg = Debug|Any CPU
		{9F87722D-ADE1-4C7C-A14F-1E82EF3F21D4}.Debug|Any CPU.Build.0 = Debug|Any CPU
		{9F87722D-ADE1-4C7C-A14F-1E82EF3F21D4}.Release|Any CPU.ActiveCfg = Release|Any CPU
		{9F87722D-ADE1-4C7C-A14F-1E82EF3F21D4}.Release|Any CPU.Build.0 = Release|Any CPU
		{EFD6E965-355B-4C76-9AE2-24762EE8518C}.Debug|Any CPU.ActiveCfg = Debug|Any CPU
		{EFD6E965-355B-4C76-9AE2-24762EE8518C}.Debug|Any CPU.Build.0 = Debug|Any CPU
		{EFD6E965-355B-4C76-9AE2-24762EE8518C}.Release|Any CPU.ActiveCfg = Release|Any CPU
		{EFD6E965-355B-4C76-9AE2-24762EE8518C}.Release|Any CPU.Build.0 = Release|Any CPU
	EndGlobalSection
	GlobalSection(SolutionProperties) = preSolution
		HideSolutionNode = FALSE
	EndGlobalSection
EndGlobal
